
Microsoft Visual Studio Solution File, Format Version 12.00
# Visual Studio Version 16
VisualStudioVersion = 16.0.29806.167
MinimumVisualStudioVersion = 10.0.40219.1
Project("{6EC3EE1D-3C4E-46DD-8F32-0CC8E7565705}") = "McuLibrary", "McuLibrary\McuLibrary.fsproj", "{D29BE120-C7F0-44D3-9754-C3B407B6F9E9}"
EndProject
Project("{2150E333-8FDC-42A3-9474-1A3956D46DE8}") = "Solution Items", "Solution Items", "{7206689B-9126-416E-97AC-D3A0B44CC774}"
	ProjectSection(SolutionItems) = preProject
		DataProvider\paket.dependencies = DataProvider\paket.dependencies
		README.md = README.md
	EndProjectSection
EndProject
Project("{6EC3EE1D-3C4E-46DD-8F32-0CC8E7565705}") = "DataProvider.Tests", "DataProvider\tests\DataProvider.Tests\DataProvider.Tests.fsproj", "{E97CAA0B-2505-46A6-B750-0A56301DF0F4}"
	ProjectSection(ProjectDependencies) = postProject
		{A92DD45B-BF61-4427-9CB7-90C71451808C} = {A92DD45B-BF61-4427-9CB7-90C71451808C}
	EndProjectSection
EndProject
Project("{6EC3EE1D-3C4E-46DD-8F32-0CC8E7565705}") = "CodeGen", "DataProvider\CodeGen\CodeGen.fsproj", "{A92DD45B-BF61-4427-9CB7-90C71451808C}"
EndProject
Global
	GlobalSection(SolutionConfigurationPlatforms) = preSolution
		Debug|Any CPU = Debug|Any CPU
		Release|Any CPU = Release|Any CPU
	EndGlobalSection
	GlobalSection(ProjectConfigurationPlatforms) = postSolution
		{D29BE120-C7F0-44D3-9754-C3B407B6F9E9}.Debug|Any CPU.ActiveCfg = Debug|Any CPU
		{D29BE120-C7F0-44D3-9754-C3B407B6F9E9}.Debug|Any CPU.Build.0 = Debug|Any CPU
		{D29BE120-C7F0-44D3-9754-C3B407B6F9E9}.Release|Any CPU.ActiveCfg = Release|Any CPU
		{D29BE120-C7F0-44D3-9754-C3B407B6F9E9}.Release|Any CPU.Build.0 = Release|Any CPU
		{E97CAA0B-2505-46A6-B750-0A56301DF0F4}.Debug|Any CPU.ActiveCfg = Debug|Any CPU
		{E97CAA0B-2505-46A6-B750-0A56301DF0F4}.Debug|Any CPU.Build.0 = Debug|Any CPU
		{E97CAA0B-2505-46A6-B750-0A56301DF0F4}.Release|Any CPU.ActiveCfg = Release|Any CPU
		{E97CAA0B-2505-46A6-B750-0A56301DF0F4}.Release|Any CPU.Build.0 = Release|Any CPU
		{A92DD45B-BF61-4427-9CB7-90C71451808C}.Debug|Any CPU.ActiveCfg = Debug|Any CPU
		{A92DD45B-BF61-4427-9CB7-90C71451808C}.Debug|Any CPU.Build.0 = Debug|Any CPU
		{A92DD45B-BF61-4427-9CB7-90C71451808C}.Release|Any CPU.ActiveCfg = Release|Any CPU
		{A92DD45B-BF61-4427-9CB7-90C71451808C}.Release|Any CPU.Build.0 = Release|Any CPU
	EndGlobalSection
	GlobalSection(SolutionProperties) = preSolution
		HideSolutionNode = FALSE
	EndGlobalSection
	GlobalSection(ExtensibilityGlobals) = postSolution
		SolutionGuid = {A972542B-14FE-4A96-A563-73D34B832452}
	EndGlobalSection
EndGlobal
