Microsoft Visual Studio Solution File, Format Version 12.00
# Visual Studio Version 16
VisualStudioVersion = 16.0.31410.357
MinimumVisualStudioVersion = 10.0.40219.1
Project("{2150E333-8FDC-42A3-9474-1A3956D46DE8}") = ".paket", ".paket", "{63297B98-5CED-492C-A5B7-A5B4F73CF142}"
	ProjectSection(SolutionItems) = preProject
		paket.dependencies = paket.dependencies
	EndProjectSection
EndProject
Project("{2150E333-8FDC-42A3-9474-1A3956D46DE8}") = "tests", "tests", "{ED8079DD-2B06-4030-9F0F-DC548F98E1C4}"
EndProject
Project("{6EC3EE1D-3C4E-46DD-8F32-0CC8E7565705}") = "DataProvider.Tests", "tests\DataProvider.Tests\DataProvider.Tests.fsproj", "{AE032544-A946-4F40-B387-8805A4DF1D4B}"
EndProject
Project("{6EC3EE1D-3C4E-46DD-8F32-0CC8E7565705}") = "McuLibrary", "..\McuLibrary\McuLibrary.fsproj", "{2112CDAF-39AE-422C-85E2-6285FFE4814B}"
EndProject
Global
	GlobalSection(SolutionConfigurationPlatforms) = preSolution
		Debug|Any CPU = Debug|Any CPU
		Release|Any CPU = Release|Any CPU
	EndGlobalSection
	GlobalSection(ProjectConfigurationPlatforms) = postSolution
		{AE032544-A946-4F40-B387-8805A4DF1D4B}.Debug|Any CPU.ActiveCfg = Debug|Any CPU
		{AE032544-A946-4F40-B387-8805A4DF1D4B}.Debug|Any CPU.Build.0 = Debug|Any CPU
		{AE032544-A946-4F40-B387-8805A4DF1D4B}.Release|Any CPU.ActiveCfg = Release|Any CPU
		{AE032544-A946-4F40-B387-8805A4DF1D4B}.Release|Any CPU.Build.0 = Release|Any CPU
		{2112CDAF-39AE-422C-85E2-6285FFE4814B}.Debug|Any CPU.ActiveCfg = Debug|Any CPU
		{2112CDAF-39AE-422C-85E2-6285FFE4814B}.Debug|Any CPU.Build.0 = Debug|Any CPU
		{2112CDAF-39AE-422C-85E2-6285FFE4814B}.Release|Any CPU.ActiveCfg = Release|Any CPU
		{2112CDAF-39AE-422C-85E2-6285FFE4814B}.Release|Any CPU.Build.0 = Release|Any CPU
	EndGlobalSection
	GlobalSection(SolutionProperties) = preSolution
		HideSolutionNode = FALSE
	EndGlobalSection
	GlobalSection(NestedProjects) = preSolution
		{AE032544-A946-4F40-B387-8805A4DF1D4B} = {ED8079DD-2B06-4030-9F0F-DC548F98E1C4}
	EndGlobalSection
	GlobalSection(ExtensibilityGlobals) = postSolution
		SolutionGuid = {CB2058A6-5600-49A8-A511-B0B705002BEA}
	EndGlobalSection
EndGlobal
